
Microsoft Visual Studio Solution File, Format Version 12.00
# Visual Studio 15
VisualStudioVersion = 15.0.28307.645
MinimumVisualStudioVersion = 10.0.40219.1
Project("{FAE04EC0-301F-11D3-BF4B-00C04F79EFBC}") = "RectAligVisualization", "RectAligVisualization\RectAligVisualization.csproj", "{9BB2D2B2-013E-4C85-A265-8C21202331BE}"
EndProject
Global
	GlobalSection(SolutionConfigurationPlatforms) = preSolution
		Debug|Any CPU = Debug|Any CPU
		Release|Any CPU = Release|Any CPU
	EndGlobalSection
	GlobalSection(ProjectConfigurationPlatforms) = postSolution
		{9BB2D2B2-013E-4C85-A265-8C21202331BE}.Debug|Any CPU.ActiveCfg = Debug|Any CPU
		{9BB2D2B2-013E-4C85-A265-8C21202331BE}.Debug|Any CPU.Build.0 = Debug|Any CPU
		{9BB2D2B2-013E-4C85-A265-8C21202331BE}.Release|Any CPU.ActiveCfg = Release|Any CPU
		{9BB2D2B2-013E-4C85-A265-8C21202331BE}.Release|Any CPU.Build.0 = Release|Any CPU
	EndGlobalSection
	GlobalSection(SolutionProperties) = preSolution
		HideSolutionNode = FALSE
	EndGlobalSection
	GlobalSection(ExtensibilityGlobals) = postSolution
		SolutionGuid = {360686E5-4CFA-4493-8839-70AAC2B98EF8}
	EndGlobalSection
EndGlobal
